// !$*UTF8*$!
{
	archiveVersion = 1;
	classes = {
	};
	objectVersion = 46;
	objects = {

/* Begin PBXBuildFile section */
		B211C64B1B92B44600A91289 /* main.m in Sources */ = {isa = PBXBuildFile; fileRef = B211C64A1B92B44600A91289 /* main.m */; };
		B211C64E1B92B44600A91289 /* AppDelegate.m in Sources */ = {isa = PBXBuildFile; fileRef = B211C64D1B92B44600A91289 /* AppDelegate.m */; };
		B211C6511B92B44600A91289 /* ComTableViewCtrl.xcdatamodeld in Sources */ = {isa = PBXBuildFile; fileRef = B211C64F1B92B44600A91289 /* ComTableViewCtrl.xcdatamodeld */; };
		B211C6571B92B44600A91289 /* Main.storyboard in Resources */ = {isa = PBXBuildFile; fileRef = B211C6551B92B44600A91289 /* Main.storyboard */; };
		B211C6591B92B44600A91289 /* Images.xcassets in Resources */ = {isa = PBXBuildFile; fileRef = B211C6581B92B44600A91289 /* Images.xcassets */; };
		B211C65C1B92B44600A91289 /* LaunchScreen.xib in Resources */ = {isa = PBXBuildFile; fileRef = B211C65A1B92B44600A91289 /* LaunchScreen.xib */; };
		B211C6681B92B44600A91289 /* ComTableViewCtrlTests.m in Sources */ = {isa = PBXBuildFile; fileRef = B211C6671B92B44600A91289 /* ComTableViewCtrlTests.m */; };
		B211C67E1B92BD1E00A91289 /* ComTableViewCtrl.m in Sources */ = {isa = PBXBuildFile; fileRef = B211C67D1B92BD1E00A91289 /* ComTableViewCtrl.m */; };
		B2818EE61B9697AD006ADFAE /* TestAction.m in Sources */ = {isa = PBXBuildFile; fileRef = B2818EE51B9697AD006ADFAE /* TestAction.m */; };
/* End PBXBuildFile section */

/* Begin PBXContainerItemProxy section */
		B211C6621B92B44600A91289 /* PBXContainerItemProxy */ = {
			isa = PBXContainerItemProxy;
			containerPortal = B211C63D1B92B44600A91289 /* Project object */;
			proxyType = 1;
			remoteGlobalIDString = B211C6441B92B44600A91289;
			remoteInfo = ComTableViewCtrl;
		};
/* End PBXContainerItemProxy section */

/* Begin PBXFileReference section */
		B211C6451B92B44600A91289 /* ComTableViewCtrl.app */ = {isa = PBXFileReference; explicitFileType = wrapper.application; includeInIndex = 0; path = ComTableViewCtrl.app; sourceTree = BUILT_PRODUCTS_DIR; };
		B211C6491B92B44600A91289 /* Info.plist */ = {isa = PBXFileReference; lastKnownFileType = text.plist.xml; path = Info.plist; sourceTree = "<group>"; };
		B211C64A1B92B44600A91289 /* main.m */ = {isa = PBXFileReference; lastKnownFileType = sourcecode.c.objc; path = main.m; sourceTree = "<group>"; };
		B211C64C1B92B44600A91289 /* AppDelegate.h */ = {isa = PBXFileReference; lastKnownFileType = sourcecode.c.h; path = AppDelegate.h; sourceTree = "<group>"; };
		B211C64D1B92B44600A91289 /* AppDelegate.m */ = {isa = PBXFileReference; lastKnownFileType = sourcecode.c.objc; path = AppDelegate.m; sourceTree = "<group>"; };
		B211C6501B92B44600A91289 /* ComTableViewCtrl.xcdatamodel */ = {isa = PBXFileReference; lastKnownFileType = wrapper.xcdatamodel; path = ComTableViewCtrl.xcdatamodel; sourceTree = "<group>"; };
		B211C6561B92B44600A91289 /* Base */ = {isa = PBXFileReference; lastKnownFileType = file.storyboard; name = Base; path = Base.lproj/Main.storyboard; sourceTree = "<group>"; };
		B211C6581B92B44600A91289 /* Images.xcassets */ = {isa = PBXFileReference; lastKnownFileType = folder.assetcatalog; path = Images.xcassets; sourceTree = "<group>"; };
		B211C65B1B92B44600A91289 /* Base */ = {isa = PBXFileReference; lastKnownFileType = file.xib; name = Base; path = Base.lproj/LaunchScreen.xib; sourceTree = "<group>"; };
		B211C6611B92B44600A91289 /* ComTableViewCtrlTests.xctest */ = {isa = PBXFileReference; explicitFileType = wrapper.cfbundle; includeInIndex = 0; path = ComTableViewCtrlTests.xctest; sourceTree = BUILT_PRODUCTS_DIR; };
		B211C6661B92B44600A91289 /* Info.plist */ = {isa = PBXFileReference; lastKnownFileType = text.plist.xml; path = Info.plist; sourceTree = "<group>"; };
		B211C6671B92B44600A91289 /* ComTableViewCtrlTests.m */ = {isa = PBXFileReference; lastKnownFileType = sourcecode.c.objc; path = ComTableViewCtrlTests.m; sourceTree = "<group>"; };
		B211C67C1B92BD1E00A91289 /* ComTableViewCtrl.h */ = {isa = PBXFileReference; fileEncoding = 4; lastKnownFileType = sourcecode.c.h; path = ComTableViewCtrl.h; sourceTree = "<group>"; };
		B211C67D1B92BD1E00A91289 /* ComTableViewCtrl.m */ = {isa = PBXFileReference; fileEncoding = 4; lastKnownFileType = sourcecode.c.objc; path = ComTableViewCtrl.m; sourceTree = "<group>"; };
		B2818EE41B9697AD006ADFAE /* TestAction.h */ = {isa = PBXFileReference; fileEncoding = 4; lastKnownFileType = sourcecode.c.h; name = TestAction.h; path = ../TestAction.h; sourceTree = "<group>"; };
		B2818EE51B9697AD006ADFAE /* TestAction.m */ = {isa = PBXFileReference; fileEncoding = 4; lastKnownFileType = sourcecode.c.objc; name = TestAction.m; path = ../TestAction.m; sourceTree = "<group>"; };
/* End PBXFileReference section */

/* Begin PBXFrameworksBuildPhase section */
		B211C6421B92B44600A91289 /* Frameworks */ = {
			isa = PBXFrameworksBuildPhase;
			buildActionMask = 2147483647;
			files = (
			);
			runOnlyForDeploymentPostprocessing = 0;
		};
		B211C65E1B92B44600A91289 /* Frameworks */ = {
			isa = PBXFrameworksBuildPhase;
			buildActionMask = 2147483647;
			files = (
			);
			runOnlyForDeploymentPostprocessing = 0;
		};
/* End PBXFrameworksBuildPhase section */

/* Begin PBXGroup section */
		B211C63C1B92B44600A91289 = {
			isa = PBXGroup;
			children = (
				B211C6471B92B44600A91289 /* ComTableViewCtrl */,
				B211C6641B92B44600A91289 /* ComTableViewCtrlTests */,
				B211C6461B92B44600A91289 /* Products */,
			);
			sourceTree = "<group>";
		};
		B211C6461B92B44600A91289 /* Products */ = {
			isa = PBXGroup;
			children = (
				B211C6451B92B44600A91289 /* ComTableViewCtrl.app */,
				B211C6611B92B44600A91289 /* ComTableViewCtrlTests.xctest */,
			);
			name = Products;
			sourceTree = "<group>";
		};
		B211C6471B92B44600A91289 /* ComTableViewCtrl */ = {
			isa = PBXGroup;
			children = (
				B211C67C1B92BD1E00A91289 /* ComTableViewCtrl.h */,
				B211C67D1B92BD1E00A91289 /* ComTableViewCtrl.m */,
				B211C64C1B92B44600A91289 /* AppDelegate.h */,
				B211C64D1B92B44600A91289 /* AppDelegate.m */,
				B2818EE41B9697AD006ADFAE /* TestAction.h */,
				B2818EE51B9697AD006ADFAE /* TestAction.m */,
				B211C6551B92B44600A91289 /* Main.storyboard */,
				B211C6581B92B44600A91289 /* Images.xcassets */,
				B211C65A1B92B44600A91289 /* LaunchScreen.xib */,
				B211C64F1B92B44600A91289 /* ComTableViewCtrl.xcdatamodeld */,
				B211C6481B92B44600A91289 /* Supporting Files */,
			);
			path = ComTableViewCtrl;
			sourceTree = "<group>";
		};
		B211C6481B92B44600A91289 /* Supporting Files */ = {
			isa = PBXGroup;
			children = (
				B211C6491B92B44600A91289 /* Info.plist */,
				B211C64A1B92B44600A91289 /* main.m */,
			);
			name = "Supporting Files";
			sourceTree = "<group>";
		};
		B211C6641B92B44600A91289 /* ComTableViewCtrlTests */ = {
			isa = PBXGroup;
			children = (
				B211C6671B92B44600A91289 /* ComTableViewCtrlTests.m */,
				B211C6651B92B44600A91289 /* Supporting Files */,
			);
			path = ComTableViewCtrlTests;
			sourceTree = "<group>";
		};
		B211C6651B92B44600A91289 /* Supporting Files */ = {
			isa = PBXGroup;
			children = (
				B211C6661B92B44600A91289 /* Info.plist */,
			);
			name = "Supporting Files";
			sourceTree = "<group>";
		};
/* End PBXGroup section */

/* Begin PBXNativeTarget section */
		B211C6441B92B44600A91289 /* ComTableViewCtrl */ = {
			isa = PBXNativeTarget;
			buildConfigurationList = B211C66B1B92B44600A91289 /* Build configuration list for PBXNativeTarget "ComTableViewCtrl" */;
			buildPhases = (
				B211C6411B92B44600A91289 /* Sources */,
				B211C6421B92B44600A91289 /* Frameworks */,
				B211C6431B92B44600A91289 /* Resources */,
			);
			buildRules = (
			);
			dependencies = (
			);
			name = ComTableViewCtrl;
			productName = ComTableViewCtrl;
			productReference = B211C6451B92B44600A91289 /* ComTableViewCtrl.app */;
			productType = "com.apple.product-type.application";
		};
		B211C6601B92B44600A91289 /* ComTableViewCtrlTests */ = {
			isa = PBXNativeTarget;
			buildConfigurationList = B211C66E1B92B44600A91289 /* Build configuration list for PBXNativeTarget "ComTableViewCtrlTests" */;
			buildPhases = (
				B211C65D1B92B44600A91289 /* Sources */,
				B211C65E1B92B44600A91289 /* Frameworks */,
				B211C65F1B92B44600A91289 /* Resources */,
			);
			buildRules = (
			);
			dependencies = (
				B211C6631B92B44600A91289 /* PBXTargetDependency */,
			);
			name = ComTableViewCtrlTests;
			productName = ComTableViewCtrlTests;
			productReference = B211C6611B92B44600A91289 /* ComTableViewCtrlTests.xctest */;
			productType = "com.apple.product-type.bundle.unit-test";
		};
/* End PBXNativeTarget section */

/* Begin PBXProject section */
		B211C63D1B92B44600A91289 /* Project object */ = {
			isa = PBXProject;
			attributes = {
				LastUpgradeCheck = 0640;
				ORGANIZATIONNAME = "jam wang";
				TargetAttributes = {
					B211C6441B92B44600A91289 = {
						CreatedOnToolsVersion = 6.4;
					};
					B211C6601B92B44600A91289 = {
						CreatedOnToolsVersion = 6.4;
						TestTargetID = B211C6441B92B44600A91289;
					};
				};
			};
			buildConfigurationList = B211C6401B92B44600A91289 /* Build configuration list for PBXProject "ComTableViewCtrl" */;
			compatibilityVersion = "Xcode 3.2";
			developmentRegion = English;
			hasScannedForEncodings = 0;
			knownRegions = (
				en,
				Base,
			);
			mainGroup = B211C63C1B92B44600A91289;
			productRefGroup = B211C6461B92B44600A91289 /* Products */;
			projectDirPath = "";
			projectRoot = "";
			targets = (
				B211C6441B92B44600A91289 /* ComTableViewCtrl */,
				B211C6601B92B44600A91289 /* ComTableViewCtrlTests */,
			);
		};
/* End PBXProject section */

/* Begin PBXResourcesBuildPhase section */
		B211C6431B92B44600A91289 /* Resources */ = {
			isa = PBXResourcesBuildPhase;
			buildActionMask = 2147483647;
			files = (
				B211C6571B92B44600A91289 /* Main.storyboard in Resources */,
				B211C65C1B92B44600A91289 /* LaunchScreen.xib in Resources */,
				B211C6591B92B44600A91289 /* Images.xcassets in Resources */,
			);
			runOnlyForDeploymentPostprocessing = 0;
		};
		B211C65F1B92B44600A91289 /* Resources */ = {
			isa = PBXResourcesBuildPhase;
			buildActionMask = 2147483647;
			files = (
			);
			runOnlyForDeploymentPostprocessing = 0;
		};
/* End PBXResourcesBuildPhase section */

/* Begin PBXSourcesBuildPhase section */
		B211C6411B92B44600A91289 /* Sources */ = {
			isa = PBXSourcesBuildPhase;
			buildActionMask = 2147483647;
			files = (
				B211C67E1B92BD1E00A91289 /* ComTableViewCtrl.m in Sources */,
				B2818EE61B9697AD006ADFAE /* TestAction.m in Sources */,
				B211C64E1B92B44600A91289 /* AppDelegate.m in Sources */,
				B211C64B1B92B44600A91289 /* main.m in Sources */,
				B211C6511B92B44600A91289 /* ComTableViewCtrl.xcdatamodeld in Sources */,
			);
			runOnlyForDeploymentPostprocessing = 0;
		};
		B211C65D1B92B44600A91289 /* Sources */ = {
			isa = PBXSourcesBuildPhase;
			buildActionMask = 2147483647;
			files = (
				B211C6681B92B44600A91289 /* ComTableViewCtrlTests.m in Sources */,
			);
			runOnlyForDeploymentPostprocessing = 0;
		};
/* End PBXSourcesBuildPhase section */

/* Begin PBXTargetDependency section */
		B211C6631B92B44600A91289 /* PBXTargetDependency */ = {
			isa = PBXTargetDependency;
			target = B211C6441B92B44600A91289 /* ComTableViewCtrl */;
			targetProxy = B211C6621B92B44600A91289 /* PBXContainerItemProxy */;
		};
/* End PBXTargetDependency section */

/* Begin PBXVariantGroup section */
		B211C6551B92B44600A91289 /* Main.storyboard */ = {
			isa = PBXVariantGroup;
			children = (
				B211C6561B92B44600A91289 /* Base */,
			);
			name = Main.storyboard;
			sourceTree = "<group>";
		};
		B211C65A1B92B44600A91289 /* LaunchScreen.xib */ = {
			isa = PBXVariantGroup;
			children = (
				B211C65B1B92B44600A91289 /* Base */,
			);
			name = LaunchScreen.xib;
			sourceTree = "<group>";
		};
/* End PBXVariantGroup section */

/* Begin XCBuildConfiguration section */
		B211C6691B92B44600A91289 /* Debug */ = {
			isa = XCBuildConfiguration;
			buildSettings = {
				ALWAYS_SEARCH_USER_PATHS = NO;
				CLANG_CXX_LANGUAGE_STANDARD = "gnu++0x";
				CLANG_CXX_LIBRARY = "libc++";
				CLANG_ENABLE_MODULES = YES;
				CLANG_ENABLE_OBJC_ARC = YES;
				CLANG_WARN_BOOL_CONVERSION = YES;
				CLANG_WARN_CONSTANT_CONVERSION = YES;
				CLANG_WARN_DIRECT_OBJC_ISA_USAGE = YES_ERROR;
				CLANG_WARN_EMPTY_BODY = YES;
				CLANG_WARN_ENUM_CONVERSION = YES;
				CLANG_WARN_INT_CONVERSION = YES;
				CLANG_WARN_OBJC_ROOT_CLASS = YES_ERROR;
				CLANG_WARN_UNREACHABLE_CODE = YES;
				CLANG_WARN__DUPLICATE_METHOD_MATCH = YES;
				"CODE_SIGN_IDENTITY[sdk=iphoneos*]" = "iPhone Developer";
				COPY_PHASE_STRIP = NO;
				DEBUG_INFORMATION_FORMAT = "dwarf-with-dsym";
				ENABLE_STRICT_OBJC_MSGSEND = YES;
				GCC_C_LANGUAGE_STANDARD = gnu99;
				GCC_DYNAMIC_NO_PIC = NO;
				GCC_NO_COMMON_BLOCKS = YES;
				GCC_OPTIMIZATION_LEVEL = 0;
				GCC_PREPROCESSOR_DEFINITIONS = (
					"DEBUG=1",
					"$(inherited)",
				);
				GCC_SYMBOLS_PRIVATE_EXTERN = NO;
				GCC_WARN_64_TO_32_BIT_CONVERSION = YES;
				GCC_WARN_ABOUT_RETURN_TYPE = YES_ERROR;
				GCC_WARN_UNDECLARED_SELECTOR = YES;
				GCC_WARN_UNINITIALIZED_AUTOS = YES_AGGRESSIVE;
				GCC_WARN_UNUSED_FUNCTION = YES;
				GCC_WARN_UNUSED_VARIABLE = YES;
				IPHONEOS_DEPLOYMENT_TARGET = 8.4;
				MTL_ENABLE_DEBUG_INFO = YES;
				ONLY_ACTIVE_ARCH = YES;
				SDKROOT = iphoneos;
			};
			name = Debug;
		};
		B211C66A1B92B44600A91289 /* Release */ = {
			isa = XCBuildConfiguration;
			buildSettings = {
				ALWAYS_SEARCH_USER_PATHS = NO;
				CLANG_CXX_LANGUAGE_STANDARD = "gnu++0x";
				CLANG_CXX_LIBRARY = "libc++";
				CLANG_ENABLE_MODULES = YES;
				CLANG_ENABLE_OBJC_ARC = YES;
				CLANG_WARN_BOOL_CONVERSION = YES;
				CLANG_WARN_CONSTANT_CONVERSION = YES;
				CLANG_WARN_DIRECT_OBJC_ISA_USAGE = YES_ERROR;
				CLANG_WARN_EMPTY_BODY = YES;
				CLANG_WARN_ENUM_CONVERSION = YES;
				CLANG_WARN_INT_CONVERSION = YES;
				CLANG_WARN_OBJC_ROOT_CLASS = YES_ERROR;
				CLANG_WARN_UNREACHABLE_CODE = YES;
				CLANG_WARN__DUPLICATE_METHOD_MATCH = YES;
				"CODE_SIGN_IDENTITY[sdk=iphoneos*]" = "iPhone Developer";
				COPY_PHASE_STRIP = NO;
				DEBUG_INFORMATION_FORMAT = "dwarf-with-dsym";
				ENABLE_NS_ASSERTIONS = NO;
				ENABLE_STRICT_OBJC_MSGSEND = YES;
				GCC_C_LANGUAGE_STANDARD = gnu99;
				GCC_NO_COMMON_BLOCKS = YES;
				GCC_WARN_64_TO_32_BIT_CONVERSION = YES;
				GCC_WARN_ABOUT_RETURN_TYPE = YES_ERROR;
				GCC_WARN_UNDECLARED_SELECTOR = YES;
				GCC_WARN_UNINITIALIZED_AUTOS = YES_AGGRESSIVE;
				GCC_WARN_UNUSED_FUNCTION = YES;
				GCC_WARN_UNUSED_VARIABLE = YES;
				IPHONEOS_DEPLOYMENT_TARGET = 8.4;
				MTL_ENABLE_DEBUG_INFO = NO;
				SDKROOT = iphoneos;
				VALIDATE_PRODUCT = YES;
			};
			name = Release;
		};
		B211C66C1B92B44600A91289 /* Debug */ = {
			isa = XCBuildConfiguration;
			buildSettings = {
				ASSETCATALOG_COMPILER_APPICON_NAME = AppIcon;
				INFOPLIST_FILE = ComTableViewCtrl/Info.plist;
				LD_RUNPATH_SEARCH_PATHS = "$(inherited) @executable_path/Frameworks";
				PRODUCT_NAME = "$(TARGET_NAME)";
			};
			name = Debug;
		};
		B211C66D1B92B44600A91289 /* Release */ = {
			isa = XCBuildConfiguration;
			buildSettings = {
				ASSETCATALOG_COMPILER_APPICON_NAME = AppIcon;
				INFOPLIST_FILE = ComTableViewCtrl/Info.plist;
				LD_RUNPATH_SEARCH_PATHS = "$(inherited) @executable_path/Frameworks";
				PRODUCT_NAME = "$(TARGET_NAME)";
			};
			name = Release;
		};
		B211C66F1B92B44600A91289 /* Debug */ = {
			isa = XCBuildConfiguration;
			buildSettings = {
				BUNDLE_LOADER = "$(TEST_HOST)";
				FRAMEWORK_SEARCH_PATHS = (
					"$(SDKROOT)/Developer/Library/Frameworks",
					"$(inherited)",
				);
				GCC_PREPROCESSOR_DEFINITIONS = (
					"DEBUG=1",
					"$(inherited)",
				);
				INFOPLIST_FILE = ComTableViewCtrlTests/Info.plist;
				LD_RUNPATH_SEARCH_PATHS = "$(inherited) @executable_path/Frameworks @loader_path/Frameworks";
				PRODUCT_NAME = "$(TARGET_NAME)";
				TEST_HOST = "$(BUILT_PRODUCTS_DIR)/ComTableViewCtrl.app/ComTableViewCtrl";
			};
			name = Debug;
		};
		B211C6701B92B44600A91289 /* Release */ = {
			isa = XCBuildConfiguration;
			buildSettings = {
				BUNDLE_LOADER = "$(TEST_HOST)";
				FRAMEWORK_SEARCH_PATHS = (
					"$(SDKROOT)/Developer/Library/Frameworks",
					"$(inherited)",
				);
				INFOPLIST_FILE = ComTableViewCtrlTests/Info.plist;
				LD_RUNPATH_SEARCH_PATHS = "$(inherited) @executable_path/Frameworks @loader_path/Frameworks";
				PRODUCT_NAME = "$(TARGET_NAME)";
				TEST_HOST = "$(BUILT_PRODUCTS_DIR)/ComTableViewCtrl.app/ComTableViewCtrl";
			};
			name = Release;
		};
/* End XCBuildConfiguration section */

/* Begin XCConfigurationList section */
		B211C6401B92B44600A91289 /* Build configuration list for PBXProject "ComTableViewCtrl" */ = {
			isa = XCConfigurationList;
			buildConfigurations = (
				B211C6691B92B44600A91289 /* Debug */,
				B211C66A1B92B44600A91289 /* Release */,
			);
			defaultConfigurationIsVisible = 0;
			defaultConfigurationName = Release;
		};
		B211C66B1B92B44600A91289 /* Build configuration list for PBXNativeTarget "ComTableViewCtrl" */ = {
			isa = XCConfigurationList;
			buildConfigurations = (
				B211C66C1B92B44600A91289 /* Debug */,
				B211C66D1B92B44600A91289 /* Release */,
			);
			defaultConfigurationIsVisible = 0;
			defaultConfigurationName = Release;
		};
		B211C66E1B92B44600A91289 /* Build configuration list for PBXNativeTarget "ComTableViewCtrlTests" */ = {
			isa = XCConfigurationList;
			buildConfigurations = (
				B211C66F1B92B44600A91289 /* Debug */,
				B211C6701B92B44600A91289 /* Release */,
			);
			defaultConfigurationIsVisible = 0;
			defaultConfigurationName = Release;
		};
/* End XCConfigurationList section */

/* Begin XCVersionGroup section */
		B211C64F1B92B44600A91289 /* ComTableViewCtrl.xcdatamodeld */ = {
			isa = XCVersionGroup;
			children = (
				B211C6501B92B44600A91289 /* ComTableViewCtrl.xcdatamodel */,
			);
			currentVersion = B211C6501B92B44600A91289 /* ComTableViewCtrl.xcdatamodel */;
			path = ComTableViewCtrl.xcdatamodeld;
			sourceTree = "<group>";
			versionGroupType = wrapper.xcdatamodel;
		};
/* End XCVersionGroup section */
	};
	rootObject = B211C63D1B92B44600A91289 /* Project object */;
}
